
Microsoft Visual Studio Solution File, Format Version 12.00
# Visual Studio 15
Project("{FAE04EC0-301F-11D3-BF4B-00C04F79EFBC}") = "Assembly-CSharp", "Assembly-CSharp.csproj", "{F572E001-E36E-E095-A5D0-88B1E9307092}"
EndProject
Project("{FAE04EC0-301F-11D3-BF4B-00C04F79EFBC}") = "Assembly-CSharp-Editor", "Assembly-CSharp-Editor.csproj", "{9DE291AC-387D-BA46-6757-EE990DF5040D}"
EndProject
Global
	GlobalSection(SolutionConfigurationPlatforms) = preSolution
		Debug|Any CPU = Debug|Any CPU
		Release|Any CPU = Release|Any CPU
	EndGlobalSection
	GlobalSection(ProjectConfigurationPlatforms) = postSolution
		{F572E001-E36E-E095-A5D0-88B1E9307092}.Debug|Any CPU.ActiveCfg = Debug|Any CPU
		{F572E001-E36E-E095-A5D0-88B1E9307092}.Debug|Any CPU.Build.0 = Debug|Any CPU
		{F572E001-E36E-E095-A5D0-88B1E9307092}.Release|Any CPU.ActiveCfg = Release|Any CPU
		{F572E001-E36E-E095-A5D0-88B1E9307092}.Release|Any CPU.Build.0 = Release|Any CPU
		{9DE291AC-387D-BA46-6757-EE990DF5040D}.Debug|Any CPU.ActiveCfg = Debug|Any CPU
		{9DE291AC-387D-BA46-6757-EE990DF5040D}.Debug|Any CPU.Build.0 = Debug|Any CPU
		{9DE291AC-387D-BA46-6757-EE990DF5040D}.Release|Any CPU.ActiveCfg = Release|Any CPU
		{9DE291AC-387D-BA46-6757-EE990DF5040D}.Release|Any CPU.Build.0 = Release|Any CPU
	EndGlobalSection
	GlobalSection(SolutionProperties) = preSolution
		HideSolutionNode = FALSE
	EndGlobalSection
EndGlobal
